
Microsoft Visual Studio Solution File, Format Version 12.00
# Visual Studio 2015
Project("{FAE04EC0-301F-11D3-BF4B-00C04F79EFBC}") = "zTour", "zTour.csproj", "{0D589039-7773-3886-69B4-B61E8EA47833}"
EndProject
Project("{FAE04EC0-301F-11D3-BF4B-00C04F79EFBC}") = "zTour.Editor", "zTour.Editor.csproj", "{B9A3EBA0-C9B7-8372-5580-13F084468F68}"
EndProject
Global
	GlobalSection(SolutionConfigurationPlatforms) = preSolution
		Debug|Any CPU = Debug|Any CPU
		Release|Any CPU = Release|Any CPU
	EndGlobalSection
	GlobalSection(ProjectConfigurationPlatforms) = postSolution
		{0D589039-7773-3886-69B4-B61E8EA47833}.Debug|Any CPU.ActiveCfg = Debug|Any CPU
		{0D589039-7773-3886-69B4-B61E8EA47833}.Debug|Any CPU.Build.0 = Debug|Any CPU
		{0D589039-7773-3886-69B4-B61E8EA47833}.Release|Any CPU.ActiveCfg = Release|Any CPU
		{0D589039-7773-3886-69B4-B61E8EA47833}.Release|Any CPU.Build.0 = Release|Any CPU
		{B9A3EBA0-C9B7-8372-5580-13F084468F68}.Debug|Any CPU.ActiveCfg = Debug|Any CPU
		{B9A3EBA0-C9B7-8372-5580-13F084468F68}.Debug|Any CPU.Build.0 = Debug|Any CPU
		{B9A3EBA0-C9B7-8372-5580-13F084468F68}.Release|Any CPU.ActiveCfg = Release|Any CPU
		{B9A3EBA0-C9B7-8372-5580-13F084468F68}.Release|Any CPU.Build.0 = Release|Any CPU
	EndGlobalSection
	GlobalSection(SolutionProperties) = preSolution
		HideSolutionNode = FALSE
	EndGlobalSection
EndGlobal
